
Microsoft Visual Studio Solution File, Format Version 12.00
# Visual Studio Version 17
VisualStudioVersion = 17.4.33403.182
MinimumVisualStudioVersion = 10.0.40219.1
Project("{9A19103F-16F7-4668-BE54-9A1E7A4F7556}") = "AdventOfCode2023Day3", "AdventOfCode2023Day3\AdventOfCode2023Day3.csproj", "{C592F4EF-5570-4C12-820C-0A697F415B2A}"
EndProject
Project("{9A19103F-16F7-4668-BE54-9A1E7A4F7556}") = "AdventOfCode2023.Tests", "AdventOfCode2023.Tests\AdventOfCode2023.Tests.csproj", "{A10EB749-FC76-416C-8835-F4E1721AFF03}"
EndProject
Project("{9A19103F-16F7-4668-BE54-9A1E7A4F7556}") = "Kernel", "Kernel\Kernel.csproj", "{94AB5BC2-D7E0-4B8F-8267-485028AF9D71}"
EndProject
Project("{9A19103F-16F7-4668-BE54-9A1E7A4F7556}") = "AdventOfCodeDay2", "AdventOfCodeDay2\AdventOfCodeDay2.csproj", "{C23E4202-A609-45A6-A813-4A12C90309B1}"
EndProject
Project("{9A19103F-16F7-4668-BE54-9A1E7A4F7556}") = "AdventOfCode2023Day4", "AdventOfCode2023Day4\AdventOfCode2023Day4.csproj", "{A2F87D6D-C4A0-4CEA-9C58-B22538AF22CF}"
EndProject
Project("{9A19103F-16F7-4668-BE54-9A1E7A4F7556}") = "AdventOfCode2023Day5", "AdventOfCode2023Day5\AdventOfCode2023Day5.csproj", "{CD19E6CD-184F-4900-817F-E16962F76560}"
EndProject
Project("{FAE04EC0-301F-11D3-BF4B-00C04F79EFBC}") = "AdventOfCode2023Day6", "AdventOfCode2023Day6\AdventOfCode2023Day6.csproj", "{A087AEA8-BB0B-4D5D-908F-52B9F02F08BD}"
EndProject
Global
	GlobalSection(SolutionConfigurationPlatforms) = preSolution
		Debug|Any CPU = Debug|Any CPU
		Release|Any CPU = Release|Any CPU
	EndGlobalSection
	GlobalSection(ProjectConfigurationPlatforms) = postSolution
		{C592F4EF-5570-4C12-820C-0A697F415B2A}.Debug|Any CPU.ActiveCfg = Debug|Any CPU
		{C592F4EF-5570-4C12-820C-0A697F415B2A}.Debug|Any CPU.Build.0 = Debug|Any CPU
		{C592F4EF-5570-4C12-820C-0A697F415B2A}.Release|Any CPU.ActiveCfg = Release|Any CPU
		{C592F4EF-5570-4C12-820C-0A697F415B2A}.Release|Any CPU.Build.0 = Release|Any CPU
		{A10EB749-FC76-416C-8835-F4E1721AFF03}.Debug|Any CPU.ActiveCfg = Debug|Any CPU
		{A10EB749-FC76-416C-8835-F4E1721AFF03}.Debug|Any CPU.Build.0 = Debug|Any CPU
		{A10EB749-FC76-416C-8835-F4E1721AFF03}.Release|Any CPU.ActiveCfg = Release|Any CPU
		{A10EB749-FC76-416C-8835-F4E1721AFF03}.Release|Any CPU.Build.0 = Release|Any CPU
		{94AB5BC2-D7E0-4B8F-8267-485028AF9D71}.Debug|Any CPU.ActiveCfg = Debug|Any CPU
		{94AB5BC2-D7E0-4B8F-8267-485028AF9D71}.Debug|Any CPU.Build.0 = Debug|Any CPU
		{94AB5BC2-D7E0-4B8F-8267-485028AF9D71}.Release|Any CPU.ActiveCfg = Release|Any CPU
		{94AB5BC2-D7E0-4B8F-8267-485028AF9D71}.Release|Any CPU.Build.0 = Release|Any CPU
		{C23E4202-A609-45A6-A813-4A12C90309B1}.Debug|Any CPU.ActiveCfg = Debug|Any CPU
		{C23E4202-A609-45A6-A813-4A12C90309B1}.Debug|Any CPU.Build.0 = Debug|Any CPU
		{C23E4202-A609-45A6-A813-4A12C90309B1}.Release|Any CPU.ActiveCfg = Release|Any CPU
		{C23E4202-A609-45A6-A813-4A12C90309B1}.Release|Any CPU.Build.0 = Release|Any CPU
		{A2F87D6D-C4A0-4CEA-9C58-B22538AF22CF}.Debug|Any CPU.ActiveCfg = Debug|Any CPU
		{A2F87D6D-C4A0-4CEA-9C58-B22538AF22CF}.Debug|Any CPU.Build.0 = Debug|Any CPU
		{A2F87D6D-C4A0-4CEA-9C58-B22538AF22CF}.Release|Any CPU.ActiveCfg = Release|Any CPU
		{A2F87D6D-C4A0-4CEA-9C58-B22538AF22CF}.Release|Any CPU.Build.0 = Release|Any CPU
		{CD19E6CD-184F-4900-817F-E16962F76560}.Debug|Any CPU.ActiveCfg = Debug|Any CPU
		{CD19E6CD-184F-4900-817F-E16962F76560}.Debug|Any CPU.Build.0 = Debug|Any CPU
		{CD19E6CD-184F-4900-817F-E16962F76560}.Release|Any CPU.ActiveCfg = Release|Any CPU
		{CD19E6CD-184F-4900-817F-E16962F76560}.Release|Any CPU.Build.0 = Release|Any CPU
		{A087AEA8-BB0B-4D5D-908F-52B9F02F08BD}.Debug|Any CPU.ActiveCfg = Debug|Any CPU
		{A087AEA8-BB0B-4D5D-908F-52B9F02F08BD}.Debug|Any CPU.Build.0 = Debug|Any CPU
		{A087AEA8-BB0B-4D5D-908F-52B9F02F08BD}.Release|Any CPU.ActiveCfg = Release|Any CPU
		{A087AEA8-BB0B-4D5D-908F-52B9F02F08BD}.Release|Any CPU.Build.0 = Release|Any CPU
	EndGlobalSection
	GlobalSection(SolutionProperties) = preSolution
		HideSolutionNode = FALSE
	EndGlobalSection
	GlobalSection(ExtensibilityGlobals) = postSolution
		SolutionGuid = {295F2CC7-B12F-439D-B3E3-6EA1FE521243}
	EndGlobalSection
EndGlobal
