
Microsoft Visual Studio Solution File, Format Version 12.00
# Visual Studio Version 17
VisualStudioVersion = 17.4.33403.182
MinimumVisualStudioVersion = 10.0.40219.1
Project("{FAE04EC0-301F-11D3-BF4B-00C04F79EFBC}") = "AdventOfCode2023Day3", "AdventOfCode2023\AdventOfCode2023Day3.csproj", "{C592F4EF-5570-4C12-820C-0A697F415B2A}"
EndProject
Project("{FAE04EC0-301F-11D3-BF4B-00C04F79EFBC}") = "AdventOfCode2023.Tests", "AdventOfCode2023.Tests\AdventOfCode2023.Tests.csproj", "{A10EB749-FC76-416C-8835-F4E1721AFF03}"
EndProject
Project("{FAE04EC0-301F-11D3-BF4B-00C04F79EFBC}") = "Kernel", "Kernel\Kernel.csproj", "{94AB5BC2-D7E0-4B8F-8267-485028AF9D71}"
EndProject
Global
	GlobalSection(SolutionConfigurationPlatforms) = preSolution
		Debug|Any CPU = Debug|Any CPU
		Release|Any CPU = Release|Any CPU
	EndGlobalSection
	GlobalSection(ProjectConfigurationPlatforms) = postSolution
		{C592F4EF-5570-4C12-820C-0A697F415B2A}.Debug|Any CPU.ActiveCfg = Debug|Any CPU
		{C592F4EF-5570-4C12-820C-0A697F415B2A}.Debug|Any CPU.Build.0 = Debug|Any CPU
		{C592F4EF-5570-4C12-820C-0A697F415B2A}.Release|Any CPU.ActiveCfg = Release|Any CPU
		{C592F4EF-5570-4C12-820C-0A697F415B2A}.Release|Any CPU.Build.0 = Release|Any CPU
		{A10EB749-FC76-416C-8835-F4E1721AFF03}.Debug|Any CPU.ActiveCfg = Debug|Any CPU
		{A10EB749-FC76-416C-8835-F4E1721AFF03}.Debug|Any CPU.Build.0 = Debug|Any CPU
		{A10EB749-FC76-416C-8835-F4E1721AFF03}.Release|Any CPU.ActiveCfg = Release|Any CPU
		{A10EB749-FC76-416C-8835-F4E1721AFF03}.Release|Any CPU.Build.0 = Release|Any CPU
		{94AB5BC2-D7E0-4B8F-8267-485028AF9D71}.Debug|Any CPU.ActiveCfg = Debug|Any CPU
		{94AB5BC2-D7E0-4B8F-8267-485028AF9D71}.Debug|Any CPU.Build.0 = Debug|Any CPU
		{94AB5BC2-D7E0-4B8F-8267-485028AF9D71}.Release|Any CPU.ActiveCfg = Release|Any CPU
		{94AB5BC2-D7E0-4B8F-8267-485028AF9D71}.Release|Any CPU.Build.0 = Release|Any CPU
	EndGlobalSection
	GlobalSection(SolutionProperties) = preSolution
		HideSolutionNode = FALSE
	EndGlobalSection
	GlobalSection(ExtensibilityGlobals) = postSolution
		SolutionGuid = {295F2CC7-B12F-439D-B3E3-6EA1FE521243}
	EndGlobalSection
EndGlobal
